
Microsoft Visual Studio Solution File, Format Version 12.00
# Visual Studio Express 2012 for Web
Project("{FAE04EC0-301F-11D3-BF4B-00C04F79EFBC}") = "SquashLeague", "SquashLeague\SquashLeague.csproj", "{2F16E121-2ADE-4B3D-B446-F98BC9FBE16C}"
EndProject
Project("{FAE04EC0-301F-11D3-BF4B-00C04F79EFBC}") = "SquashLeague.Tests", "SquashLeague.Tests\SquashLeague.Tests.csproj", "{8CBACF00-CA90-4747-9233-74C2774F3258}"
EndProject
Global
	GlobalSection(SolutionConfigurationPlatforms) = preSolution
		Debug|Any CPU = Debug|Any CPU
		Release|Any CPU = Release|Any CPU
	EndGlobalSection
	GlobalSection(ProjectConfigurationPlatforms) = postSolution
		{2F16E121-2ADE-4B3D-B446-F98BC9FBE16C}.Debug|Any CPU.ActiveCfg = Debug|Any CPU
		{2F16E121-2ADE-4B3D-B446-F98BC9FBE16C}.Debug|Any CPU.Build.0 = Debug|Any CPU
		{2F16E121-2ADE-4B3D-B446-F98BC9FBE16C}.Release|Any CPU.ActiveCfg = Release|Any CPU
		{2F16E121-2ADE-4B3D-B446-F98BC9FBE16C}.Release|Any CPU.Build.0 = Release|Any CPU
		{8CBACF00-CA90-4747-9233-74C2774F3258}.Debug|Any CPU.ActiveCfg = Debug|Any CPU
		{8CBACF00-CA90-4747-9233-74C2774F3258}.Debug|Any CPU.Build.0 = Debug|Any CPU
		{8CBACF00-CA90-4747-9233-74C2774F3258}.Release|Any CPU.ActiveCfg = Release|Any CPU
		{8CBACF00-CA90-4747-9233-74C2774F3258}.Release|Any CPU.Build.0 = Release|Any CPU
	EndGlobalSection
	GlobalSection(SolutionProperties) = preSolution
		HideSolutionNode = FALSE
	EndGlobalSection
EndGlobal
